
Microsoft Visual Studio Solution File, Format Version 12.00
# Visual Studio 15
VisualStudioVersion = 15.0.28010.2050
MinimumVisualStudioVersion = 10.0.40219.1
Project("{9092AA53-FB77-4645-B42D-1CCCA6BD08BD}") = "CalculatorRxJs", "CalculatorRxJs.njsproj", "{6012D036-1A9B-4887-BDD4-347003562856}"
EndProject
Global
	GlobalSection(SolutionConfigurationPlatforms) = preSolution
		Debug|Any CPU = Debug|Any CPU
		Release|Any CPU = Release|Any CPU
	EndGlobalSection
	GlobalSection(ProjectConfigurationPlatforms) = postSolution
		{6012D036-1A9B-4887-BDD4-347003562856}.Debug|Any CPU.ActiveCfg = Debug|Any CPU
		{6012D036-1A9B-4887-BDD4-347003562856}.Debug|Any CPU.Build.0 = Debug|Any CPU
		{6012D036-1A9B-4887-BDD4-347003562856}.Release|Any CPU.ActiveCfg = Release|Any CPU
		{6012D036-1A9B-4887-BDD4-347003562856}.Release|Any CPU.Build.0 = Release|Any CPU
	EndGlobalSection
	GlobalSection(SolutionProperties) = preSolution
		HideSolutionNode = FALSE
	EndGlobalSection
	GlobalSection(ExtensibilityGlobals) = postSolution
		SolutionGuid = {00557B59-32EE-400A-A130-B3B7C3BB1E24}
	EndGlobalSection
EndGlobal
